
Microsoft Visual Studio Solution File, Format Version 12.00
# Visual Studio Version 17
VisualStudioVersion = 17.5.002.0
MinimumVisualStudioVersion = 10.0.40219.1
Project("{9A19103F-16F7-4668-BE54-9A1E7A4F7556}") = "myWebApp", "src\myWebApp.csproj", "{241FC1F4-E838-4444-A9CC-286C3EEE7640}"
EndProject
Project("{9A19103F-16F7-4668-BE54-9A1E7A4F7556}") = "tests", "tests\tests.csproj", "{2376976E-C77B-4135-A69A-B27F3FBF088F}"
EndProject
Global
	GlobalSection(SolutionConfigurationPlatforms) = preSolution
		Debug|Any CPU = Debug|Any CPU
		Release|Any CPU = Release|Any CPU
	EndGlobalSection
	GlobalSection(ProjectConfigurationPlatforms) = postSolution
		{241FC1F4-E838-4444-A9CC-286C3EEE7640}.Debug|Any CPU.ActiveCfg = Debug|Any CPU
		{241FC1F4-E838-4444-A9CC-286C3EEE7640}.Debug|Any CPU.Build.0 = Debug|Any CPU
		{241FC1F4-E838-4444-A9CC-286C3EEE7640}.Release|Any CPU.ActiveCfg = Release|Any CPU
		{241FC1F4-E838-4444-A9CC-286C3EEE7640}.Release|Any CPU.Build.0 = Release|Any CPU
		{2376976E-C77B-4135-A69A-B27F3FBF088F}.Debug|Any CPU.ActiveCfg = Debug|Any CPU
		{2376976E-C77B-4135-A69A-B27F3FBF088F}.Debug|Any CPU.Build.0 = Debug|Any CPU
		{2376976E-C77B-4135-A69A-B27F3FBF088F}.Release|Any CPU.ActiveCfg = Release|Any CPU
		{2376976E-C77B-4135-A69A-B27F3FBF088F}.Release|Any CPU.Build.0 = Release|Any CPU
	EndGlobalSection
	GlobalSection(SolutionProperties) = preSolution
		HideSolutionNode = FALSE
	EndGlobalSection
	GlobalSection(ExtensibilityGlobals) = postSolution
		SolutionGuid = {313588F2-4926-44FA-9DD1-1041D5C25A1D}
	EndGlobalSection
EndGlobal
